
Microsoft Visual Studio Solution File, Format Version 12.00
# Visual Studio Version 17
VisualStudioVersion = 17.4.33110.190
MinimumVisualStudioVersion = 10.0.40219.1
Project("{FAE04EC0-301F-11D3-BF4B-00C04F79EFBC}") = "AdditionSubstractionMultiplication", "AdditionSubstractionMultiplication\AdditionSubstractionMultiplication.csproj", "{D06BC51A-6362-45BE-8D4A-A645E7DF347E}"
EndProject
Global
	GlobalSection(SolutionConfigurationPlatforms) = preSolution
		Debug|Any CPU = Debug|Any CPU
		Release|Any CPU = Release|Any CPU
	EndGlobalSection
	GlobalSection(ProjectConfigurationPlatforms) = postSolution
		{D06BC51A-6362-45BE-8D4A-A645E7DF347E}.Debug|Any CPU.ActiveCfg = Debug|Any CPU
		{D06BC51A-6362-45BE-8D4A-A645E7DF347E}.Debug|Any CPU.Build.0 = Debug|Any CPU
		{D06BC51A-6362-45BE-8D4A-A645E7DF347E}.Release|Any CPU.ActiveCfg = Release|Any CPU
		{D06BC51A-6362-45BE-8D4A-A645E7DF347E}.Release|Any CPU.Build.0 = Release|Any CPU
	EndGlobalSection
	GlobalSection(SolutionProperties) = preSolution
		HideSolutionNode = FALSE
	EndGlobalSection
	GlobalSection(ExtensibilityGlobals) = postSolution
		SolutionGuid = {04A464D2-A339-4F0C-A434-68B80207A2ED}
	EndGlobalSection
EndGlobal
